
Microsoft Visual Studio Solution File, Format Version 12.00
# Visual Studio Version 16
VisualStudioVersion = 16.0.30804.86
MinimumVisualStudioVersion = 10.0.40219.1
Project("{FAE04EC0-301F-11D3-BF4B-00C04F79EFBC}") = "RobotsVsDinosaurs", "RobotsVsDinosaurs.csproj", "{450A14B3-6796-4099-884E-F9F0B30097E0}"
EndProject
Global
	GlobalSection(SolutionConfigurationPlatforms) = preSolution
		Debug|Any CPU = Debug|Any CPU
		Release|Any CPU = Release|Any CPU
	EndGlobalSection
	GlobalSection(ProjectConfigurationPlatforms) = postSolution
		{450A14B3-6796-4099-884E-F9F0B30097E0}.Debug|Any CPU.ActiveCfg = Debug|Any CPU
		{450A14B3-6796-4099-884E-F9F0B30097E0}.Debug|Any CPU.Build.0 = Debug|Any CPU
		{450A14B3-6796-4099-884E-F9F0B30097E0}.Release|Any CPU.ActiveCfg = Release|Any CPU
		{450A14B3-6796-4099-884E-F9F0B30097E0}.Release|Any CPU.Build.0 = Release|Any CPU
	EndGlobalSection
	GlobalSection(SolutionProperties) = preSolution
		HideSolutionNode = FALSE
	EndGlobalSection
	GlobalSection(ExtensibilityGlobals) = postSolution
		SolutionGuid = {7101AEEA-7791-4A68-8C51-771D40E63692}
	EndGlobalSection
EndGlobal
